
Microsoft Visual Studio Solution File, Format Version 12.00
# Visual Studio Version 16
VisualStudioVersion = 16.0.31205.134
MinimumVisualStudioVersion = 10.0.40219.1
Project("{FAE04EC0-301F-11D3-BF4B-00C04F79EFBC}") = "MyATMAndroid", "MyATMAndroid\MyATMAndroid.csproj", "{8530E423-5647-4D25-B32E-DB496676C4B6}"
EndProject
Global
	GlobalSection(SolutionConfigurationPlatforms) = preSolution
		Debug|Any CPU = Debug|Any CPU
		Release|Any CPU = Release|Any CPU
	EndGlobalSection
	GlobalSection(ProjectConfigurationPlatforms) = postSolution
		{8530E423-5647-4D25-B32E-DB496676C4B6}.Debug|Any CPU.ActiveCfg = Debug|Any CPU
		{8530E423-5647-4D25-B32E-DB496676C4B6}.Debug|Any CPU.Build.0 = Debug|Any CPU
		{8530E423-5647-4D25-B32E-DB496676C4B6}.Debug|Any CPU.Deploy.0 = Debug|Any CPU
		{8530E423-5647-4D25-B32E-DB496676C4B6}.Release|Any CPU.ActiveCfg = Release|Any CPU
		{8530E423-5647-4D25-B32E-DB496676C4B6}.Release|Any CPU.Build.0 = Release|Any CPU
		{8530E423-5647-4D25-B32E-DB496676C4B6}.Release|Any CPU.Deploy.0 = Release|Any CPU
	EndGlobalSection
	GlobalSection(SolutionProperties) = preSolution
		HideSolutionNode = FALSE
	EndGlobalSection
	GlobalSection(ExtensibilityGlobals) = postSolution
		SolutionGuid = {C9449DF3-F9A0-444E-918D-8FB67F5BF786}
	EndGlobalSection
EndGlobal
